{
  "nodes": {
    "flake-parts": {
      "inputs": {
        "nixpkgs-lib": [
          "mcp-hub",
          "nixpkgs"
        ]
      },
      "locked": {
        "lastModified": 1743550720,
        "narHash": "sha256-hIshGgKZCgWh6AYJpJmRgFdR3WUbkY04o82X05xqQiY=",
        "owner": "hercules-ci",
        "repo": "flake-parts",
        "rev": "c621e8422220273271f52058f618c94e405bb0f5",
        "type": "github"
      },
      "original": {
        "owner": "hercules-ci",
        "repo": "flake-parts",
        "type": "github"
      }
    },
    "flake-parts_2": {
      "inputs": {
        "nixpkgs-lib": [
          "mcphub-nvim",
          "nixpkgs"
        ]
      },
      "locked": {
        "lastModified": 1743550720,
        "narHash": "sha256-hIshGgKZCgWh6AYJpJmRgFdR3WUbkY04o82X05xqQiY=",
        "owner": "hercules-ci",
        "repo": "flake-parts",
        "rev": "c621e8422220273271f52058f618c94e405bb0f5",
        "type": "github"
      },
      "original": {
        "owner": "hercules-ci",
        "repo": "flake-parts",
        "type": "github"
      }
    },
    "flake-utils": {
      "inputs": {
        "systems": "systems"
      },
      "locked": {
        "lastModified": 1731533236,
        "narHash": "sha256-l0KFg5HjrsfsO/JpG+r7fRrqm12kzFHyUHqHCVpMMbI=",
        "owner": "numtide",
        "repo": "flake-utils",
        "rev": "11707dc2f618dd54ca8739b309ec4fc024de578b",
        "type": "github"
      },
      "original": {
        "owner": "numtide",
        "repo": "flake-utils",
        "type": "github"
      }
    },
    "home-manager": {
      "inputs": {
        "nixpkgs": [
          "hydenix",
          "nixpkgs"
        ]
      },
      "locked": {
        "lastModified": 1762041416,
        "narHash": "sha256-rmJKABRXnhFjjI6RB/MnEvLTQa569zu684Th9y6UlOI=",
        "owner": "nix-community",
        "repo": "home-manager",
        "rev": "c0016dd14773f4ca0b467b74c7cdcc501570df4b",
        "type": "github"
      },
      "original": {
        "owner": "nix-community",
        "repo": "home-manager",
        "type": "github"
      }
    },
    "hyde": {
      "flake": false,
      "locked": {
        "lastModified": 1758290412,
        "narHash": "sha256-fXW+yxDQ0iLFX2YuKDpv82lIPbGDgii5kpsWCDp3m4s=",
        "owner": "HyDE-Project",
        "repo": "HyDE",
        "rev": "f246f2a89b8e862b96042cb2b291b191289c2fde",
        "type": "github"
      },
      "original": {
        "owner": "HyDE-Project",
        "repo": "HyDE",
        "rev": "f246f2a89b8e862b96042cb2b291b191289c2fde",
        "type": "github"
      }
    },
    "hyde-config": {
      "inputs": {
        "nixpkgs": [
          "hydenix",
          "nixpkgs"
        ]
      },
      "locked": {
        "lastModified": 1754889600,
        "narHash": "sha256-kn35QcO7OxZxcYyaZNxQ4tBsLdeSi1u2kbWdPg/pky0=",
        "owner": "richen604",
        "repo": "hyde-config",
        "rev": "59dc0659e0cfb72552616553f5b2635cf40c2184",
        "type": "github"
      },
      "original": {
        "owner": "richen604",
        "repo": "hyde-config",
        "type": "github"
      }
    },
    "hyde-ipc": {
      "inputs": {
        "nixpkgs": [
          "hydenix",
          "nixpkgs"
        ],
        "rust-overlay": "rust-overlay"
      },
      "locked": {
        "lastModified": 1762476031,
        "narHash": "sha256-cyCRPPqpSwjh4XN2RzCmlpOMBC2p9/GP4CCdBCS9Rww=",
        "owner": "richen604",
        "repo": "hyde-ipc",
        "rev": "324839b4b4d45ed2760e4fca6a796a47a0704b2a",
        "type": "github"
      },
      "original": {
        "owner": "richen604",
        "repo": "hyde-ipc",
        "type": "github"
      }
    },
    "hydectl": {
      "inputs": {
        "nixpkgs": [
          "hydenix",
          "nixpkgs"
        ]
      },
      "locked": {
        "lastModified": 1755057332,
        "narHash": "sha256-TVLjDL4+SdoXJrNu5TLiUSDD73CdVWfAn3aE2c4aShg=",
        "owner": "richen604",
        "repo": "hydectl",
        "rev": "a19610347de2230175e5d8807584db65d0588134",
        "type": "github"
      },
      "original": {
        "owner": "richen604",
        "repo": "hydectl",
        "type": "github"
      }
    },
    "hydenix": {
      "inputs": {
        "home-manager": "home-manager",
        "hyde": "hyde",
        "hyde-config": "hyde-config",
        "hyde-ipc": "hyde-ipc",
        "hydectl": "hydectl",
        "hyq": "hyq",
        "nix-index-database": "nix-index-database",
        "nixos-hardware": "nixos-hardware",
        "nixpkgs": "nixpkgs_2"
      },
      "locked": {
        "lastModified": 1762476183,
        "narHash": "sha256-sNk7PPnqeoOtZWviD0ZzK1KlByJBEm7jH07UDXN6p48=",
        "owner": "richen604",
        "repo": "hydenix",
        "rev": "715110350008f343f66be68480c3e4af1d8b9d41",
        "type": "github"
      },
      "original": {
        "owner": "richen604",
        "repo": "hydenix",
        "type": "github"
      }
    },
    "hyq": {
      "inputs": {
        "flake-utils": "flake-utils",
        "nixpkgs": [
          "hydenix",
          "nixpkgs"
        ]
      },
      "locked": {
        "lastModified": 1758587209,
        "narHash": "sha256-fcsxLi/1MMNZvyaQ3LZEtIgSe2UMqg/4Ghj0rYszFdM=",
        "owner": "richen604",
        "repo": "hyprquery",
        "rev": "a2934ca4a551b130c3e3076990774d17678a1b4e",
        "type": "github"
      },
      "original": {
        "owner": "richen604",
        "repo": "hyprquery",
        "type": "github"
      }
    },
    "mcp-hub": {
      "inputs": {
        "flake-parts": "flake-parts",
        "nixpkgs": "nixpkgs_3"
      },
      "locked": {
        "lastModified": 1755841689,
        "narHash": "sha256-KakvXZf0vjdqzyT+LsAKHEr4GLICGXPmxl1hZ3tI7Yg=",
        "owner": "ravitemer",
        "repo": "mcp-hub",
        "rev": "9c7670a4c341ed3cf738a6242c0fde1cea40bccf",
        "type": "github"
      },
      "original": {
        "owner": "ravitemer",
        "repo": "mcp-hub",
        "type": "github"
      }
    },
    "mcphub-nvim": {
      "inputs": {
        "flake-parts": "flake-parts_2",
        "nixpkgs": "nixpkgs_4"
      },
      "locked": {
        "lastModified": 1759035242,
        "narHash": "sha256-I6EbgY/2sAdtrxtmH0qbAAQvMCHhOsfolJfblV0fXOk=",
        "owner": "ravitemer",
        "repo": "mcphub.nvim",
        "rev": "8ff40b5edc649959bb7e89d25ae18e055554859a",
        "type": "github"
      },
      "original": {
        "owner": "ravitemer",
        "repo": "mcphub.nvim",
        "type": "github"
      }
    },
    "nix-index-database": {
      "inputs": {
        "nixpkgs": [
          "hydenix",
          "nixpkgs"
        ]
      },
      "locked": {
        "lastModified": 1761451000,
        "narHash": "sha256-qBJL6xEIjqYq9zOcG2vf2nPTeVBppNJzvO0LuQWMwMo=",
        "owner": "nix-community",
        "repo": "nix-index-database",
        "rev": "ed6b293161b378a7368cda38659eb8d3d9a0dac4",
        "type": "github"
      },
      "original": {
        "owner": "nix-community",
        "repo": "nix-index-database",
        "type": "github"
      }
    },
    "nixos-hardware": {
      "locked": {
        "lastModified": 1761933221,
        "narHash": "sha256-rNHeoG3ZrA94jczyLSjxCtu67YYPYIlXXr0uhG3wNxM=",
        "owner": "nixos",
        "repo": "nixos-hardware",
        "rev": "7467f155fcba189eb088a7601f44fbef7688669b",
        "type": "github"
      },
      "original": {
        "owner": "nixos",
        "ref": "master",
        "repo": "nixos-hardware",
        "type": "github"
      }
    },
    "nixos-hardware_2": {
      "locked": {
        "lastModified": 1762427122,
        "narHash": "sha256-sQJuoiqsaIvKiIOmF/3FDV5dM2TGL2jBv1PeQSt83YE=",
        "owner": "NixOS",
        "repo": "nixos-hardware",
        "rev": "24084931d8098fce300fabea9e48fa96292228d7",
        "type": "github"
      },
      "original": {
        "owner": "NixOS",
        "ref": "master",
        "repo": "nixos-hardware",
        "type": "github"
      }
    },
    "nixpkgs": {
      "locked": {
        "lastModified": 1744536153,
        "narHash": "sha256-awS2zRgF4uTwrOKwwiJcByDzDOdo3Q1rPZbiHQg/N38=",
        "owner": "NixOS",
        "repo": "nixpkgs",
        "rev": "18dd725c29603f582cf1900e0d25f9f1063dbf11",
        "type": "github"
      },
      "original": {
        "owner": "NixOS",
        "ref": "nixpkgs-unstable",
        "repo": "nixpkgs",
        "type": "github"
      }
    },
    "nixpkgs_2": {
      "locked": {
        "lastModified": 1761907660,
        "narHash": "sha256-kJ8lIZsiPOmbkJypG+B5sReDXSD1KGu2VEPNqhRa/ew=",
        "owner": "nixos",
        "repo": "nixpkgs",
        "rev": "2fb006b87f04c4d3bdf08cfdbc7fab9c13d94a15",
        "type": "github"
      },
      "original": {
        "owner": "nixos",
        "repo": "nixpkgs",
        "rev": "2fb006b87f04c4d3bdf08cfdbc7fab9c13d94a15",
        "type": "github"
      }
    },
    "nixpkgs_3": {
      "locked": {
        "lastModified": 1743689281,
        "narHash": "sha256-y7Hg5lwWhEOgflEHRfzSH96BOt26LaYfrYWzZ+VoVdg=",
        "owner": "NixOS",
        "repo": "nixpkgs",
        "rev": "2bfc080955153be0be56724be6fa5477b4eefabb",
        "type": "github"
      },
      "original": {
        "owner": "NixOS",
        "ref": "nixpkgs-unstable",
        "repo": "nixpkgs",
        "type": "github"
      }
    },
    "nixpkgs_4": {
      "locked": {
        "lastModified": 1745377448,
        "narHash": "sha256-jhZDfXVKdD7TSEGgzFJQvEEZ2K65UMiqW5YJ2aIqxMA=",
        "owner": "nixos",
        "repo": "nixpkgs",
        "rev": "507b63021ada5fee621b6ca371c4fca9ca46f52c",
        "type": "github"
      },
      "original": {
        "owner": "nixos",
        "ref": "nixpkgs-unstable",
        "repo": "nixpkgs",
        "type": "github"
      }
    },
    "nixpkgs_5": {
      "locked": {
        "lastModified": 1762111121,
        "narHash": "sha256-4vhDuZ7OZaZmKKrnDpxLZZpGIJvAeMtK6FKLJYUtAdw=",
        "owner": "NixOS",
        "repo": "nixpkgs",
        "rev": "b3d51a0365f6695e7dd5cdf3e180604530ed33b4",
        "type": "github"
      },
      "original": {
        "owner": "NixOS",
        "ref": "nixos-unstable",
        "repo": "nixpkgs",
        "type": "github"
      }
    },
    "older-pipewire": {
      "locked": {
        "lastModified": 1744463964,
        "narHash": "sha256-LWqduOgLHCFxiTNYi3Uj5Lgz0SR+Xhw3kr/3Xd0GPTM=",
        "owner": "NixOS",
        "repo": "nixpkgs",
        "rev": "2631b0b7abcea6e640ce31cd78ea58910d31e650",
        "type": "github"
      },
      "original": {
        "owner": "NixOS",
        "repo": "nixpkgs",
        "rev": "2631b0b7abcea6e640ce31cd78ea58910d31e650",
        "type": "github"
      }
    },
    "root": {
      "inputs": {
        "hydenix": "hydenix",
        "mcp-hub": "mcp-hub",
        "mcphub-nvim": "mcphub-nvim",
        "nixos-hardware": "nixos-hardware_2",
        "nixpkgs": "nixpkgs_5",
        "older-pipewire": "older-pipewire"
      }
    },
    "rust-overlay": {
      "inputs": {
        "nixpkgs": "nixpkgs"
      },
      "locked": {
        "lastModified": 1762396738,
        "narHash": "sha256-BarSecuxtzp1boERdABLkkoxQTi6s/V33lJwUbWLrLY=",
        "owner": "oxalica",
        "repo": "rust-overlay",
        "rev": "c63598992afd54d215d54f2b764adc0484c2b159",
        "type": "github"
      },
      "original": {
        "owner": "oxalica",
        "repo": "rust-overlay",
        "type": "github"
      }
    },
    "systems": {
      "locked": {
        "lastModified": 1681028828,
        "narHash": "sha256-Vy1rq5AaRuLzOxct8nz4T6wlgyUR7zLU309k9mBC768=",
        "owner": "nix-systems",
        "repo": "default",
        "rev": "da67096a3b9bf56a91d16901293e51ba5b49a27e",
        "type": "github"
      },
      "original": {
        "owner": "nix-systems",
        "repo": "default",
        "type": "github"
      }
    }
  },
  "root": "root",
  "version": 7
}
